
Microsoft Visual Studio Solution File, Format Version 12.00
# Visual Studio Version 17
VisualStudioVersion = 17.14.36414.22 d17.14
MinimumVisualStudioVersion = 10.0.40219.1
Project("{FAE04EC0-301F-11D3-BF4B-00C04F79EFBC}") = "IndustrialDeviceLog", "IndustrialDeviceLog\IndustrialDeviceLog.csproj", "{3284941D-4BDC-44B4-8FAD-F309D8305067}"
EndProject
Global
	GlobalSection(SolutionConfigurationPlatforms) = preSolution
		Debug|Any CPU = Debug|Any CPU
		Release|Any CPU = Release|Any CPU
	EndGlobalSection
	GlobalSection(ProjectConfigurationPlatforms) = postSolution
		{3284941D-4BDC-44B4-8FAD-F309D8305067}.Debug|Any CPU.ActiveCfg = Debug|Any CPU
		{3284941D-4BDC-44B4-8FAD-F309D8305067}.Debug|Any CPU.Build.0 = Debug|Any CPU
		{3284941D-4BDC-44B4-8FAD-F309D8305067}.Release|Any CPU.ActiveCfg = Release|Any CPU
		{3284941D-4BDC-44B4-8FAD-F309D8305067}.Release|Any CPU.Build.0 = Release|Any CPU
	EndGlobalSection
	GlobalSection(SolutionProperties) = preSolution
		HideSolutionNode = FALSE
	EndGlobalSection
	GlobalSection(ExtensibilityGlobals) = postSolution
		SolutionGuid = {DA458212-5E4D-4563-8689-6F031EB6FE1D}
	EndGlobalSection
EndGlobal
